
Microsoft Visual Studio Solution File, Format Version 12.00
# Visual Studio Version 18
VisualStudioVersion = 18.4.11620.152 stable
MinimumVisualStudioVersion = 10.0.40219.1
Project("{FAE04EC0-301F-11D3-BF4B-00C04F79EFBC}") = "WpfImmo", "Wpf_Immokantoor\WpfImmo.csproj", "{8A85D5C2-E51A-4CDC-93D0-115C7A753D1C}"
EndProject
Project("{FAE04EC0-301F-11D3-BF4B-00C04F79EFBC}") = "CLImmo", "CLImmo\CLImmo.csproj", "{46D604D2-DFA2-47F6-8A5E-751FEFD13D49}"
EndProject
Global
	GlobalSection(SolutionConfigurationPlatforms) = preSolution
		Debug|Any CPU = Debug|Any CPU
		Release|Any CPU = Release|Any CPU
	EndGlobalSection
	GlobalSection(ProjectConfigurationPlatforms) = postSolution
		{8A85D5C2-E51A-4CDC-93D0-115C7A753D1C}.Debug|Any CPU.ActiveCfg = Debug|Any CPU
		{8A85D5C2-E51A-4CDC-93D0-115C7A753D1C}.Debug|Any CPU.Build.0 = Debug|Any CPU
		{8A85D5C2-E51A-4CDC-93D0-115C7A753D1C}.Release|Any CPU.ActiveCfg = Release|Any CPU
		{8A85D5C2-E51A-4CDC-93D0-115C7A753D1C}.Release|Any CPU.Build.0 = Release|Any CPU
		{46D604D2-DFA2-47F6-8A5E-751FEFD13D49}.Debug|Any CPU.ActiveCfg = Debug|Any CPU
		{46D604D2-DFA2-47F6-8A5E-751FEFD13D49}.Debug|Any CPU.Build.0 = Debug|Any CPU
		{46D604D2-DFA2-47F6-8A5E-751FEFD13D49}.Release|Any CPU.ActiveCfg = Release|Any CPU
		{46D604D2-DFA2-47F6-8A5E-751FEFD13D49}.Release|Any CPU.Build.0 = Release|Any CPU
	EndGlobalSection
	GlobalSection(SolutionProperties) = preSolution
		HideSolutionNode = FALSE
	EndGlobalSection
	GlobalSection(ExtensibilityGlobals) = postSolution
		SolutionGuid = {4BD68BDE-DFA9-4DC3-9A78-E91CD2060496}
	EndGlobalSection
EndGlobal
