
Microsoft Visual Studio Solution File, Format Version 12.00
# Visual Studio Version 18
VisualStudioVersion = 18.3.11520.95 d18.3
MinimumVisualStudioVersion = 10.0.40219.1
Project("{FAE04EC0-301F-11D3-BF4B-00C04F79EFBC}") = "ConsoleKlassenOefenblad", "ConsoleKlassenOefenblad.csproj", "{95A38F5F-3623-E823-4CE2-AFBD76DB0510}"
EndProject
Global
	GlobalSection(SolutionConfigurationPlatforms) = preSolution
		Debug|Any CPU = Debug|Any CPU
		Release|Any CPU = Release|Any CPU
	EndGlobalSection
	GlobalSection(ProjectConfigurationPlatforms) = postSolution
		{95A38F5F-3623-E823-4CE2-AFBD76DB0510}.Debug|Any CPU.ActiveCfg = Debug|Any CPU
		{95A38F5F-3623-E823-4CE2-AFBD76DB0510}.Debug|Any CPU.Build.0 = Debug|Any CPU
		{95A38F5F-3623-E823-4CE2-AFBD76DB0510}.Release|Any CPU.ActiveCfg = Release|Any CPU
		{95A38F5F-3623-E823-4CE2-AFBD76DB0510}.Release|Any CPU.Build.0 = Release|Any CPU
	EndGlobalSection
	GlobalSection(SolutionProperties) = preSolution
		HideSolutionNode = FALSE
	EndGlobalSection
	GlobalSection(ExtensibilityGlobals) = postSolution
		SolutionGuid = {47C22D90-A105-48FF-987A-00F2962F12F6}
	EndGlobalSection
EndGlobal
