
Microsoft Visual Studio Solution File, Format Version 12.00
# Visual Studio Version 18
VisualStudioVersion = 18.3.11520.95
MinimumVisualStudioVersion = 10.0.40219.1
Project("{FAE04EC0-301F-11D3-BF4B-00C04F79EFBC}") = "DokterspraktijkLib", "DokterspraktijkLib\DokterspraktijkLib.csproj", "{7B2E56D5-30CA-43D2-9114-9E7F84786781}"
EndProject
Project("{FAE04EC0-301F-11D3-BF4B-00C04F79EFBC}") = "WPFDokter", "WPFDokter\WPFDokter.csproj", "{8D65FA15-FCD0-42BB-8EB2-135A1184D740}"
EndProject
Project("{FAE04EC0-301F-11D3-BF4B-00C04F79EFBC}") = "WPFPatient", "WPFPatient\WPFPatient.csproj", "{B0D58C46-7CE6-4A6F-B158-C8F4207DEBD9}"
EndProject
Global
	GlobalSection(SolutionConfigurationPlatforms) = preSolution
		Debug|Any CPU = Debug|Any CPU
		Release|Any CPU = Release|Any CPU
	EndGlobalSection
	GlobalSection(ProjectConfigurationPlatforms) = postSolution
		{7B2E56D5-30CA-43D2-9114-9E7F84786781}.Debug|Any CPU.ActiveCfg = Debug|Any CPU
		{7B2E56D5-30CA-43D2-9114-9E7F84786781}.Debug|Any CPU.Build.0 = Debug|Any CPU
		{7B2E56D5-30CA-43D2-9114-9E7F84786781}.Release|Any CPU.ActiveCfg = Release|Any CPU
		{7B2E56D5-30CA-43D2-9114-9E7F84786781}.Release|Any CPU.Build.0 = Release|Any CPU
		{8D65FA15-FCD0-42BB-8EB2-135A1184D740}.Debug|Any CPU.ActiveCfg = Debug|Any CPU
		{8D65FA15-FCD0-42BB-8EB2-135A1184D740}.Debug|Any CPU.Build.0 = Debug|Any CPU
		{8D65FA15-FCD0-42BB-8EB2-135A1184D740}.Release|Any CPU.ActiveCfg = Release|Any CPU
		{8D65FA15-FCD0-42BB-8EB2-135A1184D740}.Release|Any CPU.Build.0 = Release|Any CPU
		{B0D58C46-7CE6-4A6F-B158-C8F4207DEBD9}.Debug|Any CPU.ActiveCfg = Debug|Any CPU
		{B0D58C46-7CE6-4A6F-B158-C8F4207DEBD9}.Debug|Any CPU.Build.0 = Debug|Any CPU
		{B0D58C46-7CE6-4A6F-B158-C8F4207DEBD9}.Release|Any CPU.ActiveCfg = Release|Any CPU
		{B0D58C46-7CE6-4A6F-B158-C8F4207DEBD9}.Release|Any CPU.Build.0 = Release|Any CPU
	EndGlobalSection
	GlobalSection(SolutionProperties) = preSolution
		HideSolutionNode = FALSE
	EndGlobalSection
	GlobalSection(ExtensibilityGlobals) = postSolution
		SolutionGuid = {268DBB17-8869-4E75-BCD8-560270148A30}
	EndGlobalSection
EndGlobal
