
Microsoft Visual Studio Solution File, Format Version 12.00
# Visual Studio Version 18
VisualStudioVersion = 18.3.11520.95
MinimumVisualStudioVersion = 10.0.40219.1
Project("{FAE04EC0-301F-11D3-BF4B-00C04F79EFBC}") = "WpfVcardEditor", "WpfVcardEditor\WpfVcardEditor.csproj", "{0C3C02B4-F222-4A50-8F19-8E98E2FDAAF1}"
EndProject
Project("{FAE04EC0-301F-11D3-BF4B-00C04F79EFBC}") = "WpfEscapeGame", "WpfEscapeGame\WpfEscapeGame.csproj", "{81E19FBF-713F-4C1C-8724-D0E9749B1B86}"
EndProject
Project("{FAE04EC0-301F-11D3-BF4B-00C04F79EFBC}") = "DoktersPraktijk", "DoktersPraktijk\DoktersPraktijk.csproj", "{1AD8A42F-C6AA-4077-AF0F-A5762441816F}"
EndProject
Global
	GlobalSection(SolutionConfigurationPlatforms) = preSolution
		Debug|Any CPU = Debug|Any CPU
		Release|Any CPU = Release|Any CPU
	EndGlobalSection
	GlobalSection(ProjectConfigurationPlatforms) = postSolution
		{0C3C02B4-F222-4A50-8F19-8E98E2FDAAF1}.Debug|Any CPU.ActiveCfg = Debug|Any CPU
		{0C3C02B4-F222-4A50-8F19-8E98E2FDAAF1}.Debug|Any CPU.Build.0 = Debug|Any CPU
		{0C3C02B4-F222-4A50-8F19-8E98E2FDAAF1}.Release|Any CPU.ActiveCfg = Release|Any CPU
		{0C3C02B4-F222-4A50-8F19-8E98E2FDAAF1}.Release|Any CPU.Build.0 = Release|Any CPU
		{81E19FBF-713F-4C1C-8724-D0E9749B1B86}.Debug|Any CPU.ActiveCfg = Debug|Any CPU
		{81E19FBF-713F-4C1C-8724-D0E9749B1B86}.Debug|Any CPU.Build.0 = Debug|Any CPU
		{81E19FBF-713F-4C1C-8724-D0E9749B1B86}.Release|Any CPU.ActiveCfg = Release|Any CPU
		{81E19FBF-713F-4C1C-8724-D0E9749B1B86}.Release|Any CPU.Build.0 = Release|Any CPU
		{1AD8A42F-C6AA-4077-AF0F-A5762441816F}.Debug|Any CPU.ActiveCfg = Debug|Any CPU
		{1AD8A42F-C6AA-4077-AF0F-A5762441816F}.Debug|Any CPU.Build.0 = Debug|Any CPU
		{1AD8A42F-C6AA-4077-AF0F-A5762441816F}.Release|Any CPU.ActiveCfg = Release|Any CPU
		{1AD8A42F-C6AA-4077-AF0F-A5762441816F}.Release|Any CPU.Build.0 = Release|Any CPU
	EndGlobalSection
	GlobalSection(SolutionProperties) = preSolution
		HideSolutionNode = FALSE
	EndGlobalSection
	GlobalSection(ExtensibilityGlobals) = postSolution
		SolutionGuid = {268DBB17-8869-4E75-BCD8-560270148A30}
	EndGlobalSection
EndGlobal
